
Microsoft Visual Studio Solution File, Format Version 12.00
# Visual Studio 15
VisualStudioVersion = 15.0.27004.2005
MinimumVisualStudioVersion = 10.0.40219.1
Project("{FAE04EC0-301F-11D3-BF4B-00C04F79EFBC}") = "Fasetto.Word", "Fasetto.Word\Fasetto.Word.csproj", "{7504B727-C966-497A-9DFC-A08649262A94}"
EndProject
Project("{2150E333-8FDC-42A3-9474-1A3956D46DE8}") = "Solution Items", "Solution Items", "{50D39BD8-5D3C-428F-8731-D1553FC3533F}"
	ProjectSection(SolutionItems) = preProject
		.editorconfig = .editorconfig
		.gitattributes = .gitattributes
		.gitignore = .gitignore
		appveyor.yml = appveyor.yml
		Fasetto.Word.xml = Fasetto.Word.xml
		README.md = README.md
	EndProjectSection
EndProject
Project("{FAE04EC0-301F-11D3-BF4B-00C04F79EFBC}") = "Fasetto.Word.Core", "Fasetto.Word.Core\Fasetto.Word.Core.csproj", "{84E96AFB-D660-4CF4-8426-686CB1E1DFAB}"
EndProject
Project("{2150E333-8FDC-42A3-9474-1A3956D46DE8}") = "doc", "doc", "{358FDC48-8EA5-4F11-95BE-D9CCCBE0394B}"
	ProjectSection(SolutionItems) = preProject
		doc\conf.py = doc\conf.py
		doc\Doxyfile = doc\Doxyfile
		doc\index.rst = doc\index.rst
		doc\make.bat = doc\make.bat
		doc\Makefile = doc\Makefile
	EndProjectSection
EndProject
Project("{2150E333-8FDC-42A3-9474-1A3956D46DE8}") = "_build", "_build", "{E905997D-0590-4D3E-AC4A-05B878B8CAF4}"
EndProject
Project("{2150E333-8FDC-42A3-9474-1A3956D46DE8}") = "doctrees", "doctrees", "{3BBD5083-DB03-4344-B5B5-1DE3B76C737E}"
	ProjectSection(SolutionItems) = preProject
		doc\_build\doctrees\environment.pickle = doc\_build\doctrees\environment.pickle
		doc\_build\doctrees\index.doctree = doc\_build\doctrees\index.doctree
	EndProjectSection
EndProject
Project("{2150E333-8FDC-42A3-9474-1A3956D46DE8}") = "_static", "_static", "{F4779B7A-77C8-4A9E-B76C-80500F1C6961}"
EndProject
Project("{2150E333-8FDC-42A3-9474-1A3956D46DE8}") = "_templates", "_templates", "{1A09040D-9A70-41D6-9D6D-AE5783210F14}"
EndProject
Global
	GlobalSection(SolutionConfigurationPlatforms) = preSolution
		Debug|x64 = Debug|x64
		Debug|x86 = Debug|x86
		Release|x64 = Release|x64
		Release|x86 = Release|x86
	EndGlobalSection
	GlobalSection(ProjectConfigurationPlatforms) = postSolution
		{7504B727-C966-497A-9DFC-A08649262A94}.Debug|x64.ActiveCfg = Debug|x64
		{7504B727-C966-497A-9DFC-A08649262A94}.Debug|x64.Build.0 = Debug|x64
		{7504B727-C966-497A-9DFC-A08649262A94}.Debug|x86.ActiveCfg = Debug|x86
		{7504B727-C966-497A-9DFC-A08649262A94}.Debug|x86.Build.0 = Debug|x86
		{7504B727-C966-497A-9DFC-A08649262A94}.Release|x64.ActiveCfg = Release|x64
		{7504B727-C966-497A-9DFC-A08649262A94}.Release|x64.Build.0 = Release|x64
		{7504B727-C966-497A-9DFC-A08649262A94}.Release|x86.ActiveCfg = Release|x86
		{7504B727-C966-497A-9DFC-A08649262A94}.Release|x86.Build.0 = Release|x86
		{84E96AFB-D660-4CF4-8426-686CB1E1DFAB}.Debug|x64.ActiveCfg = Debug|x64
		{84E96AFB-D660-4CF4-8426-686CB1E1DFAB}.Debug|x64.Build.0 = Debug|x64
		{84E96AFB-D660-4CF4-8426-686CB1E1DFAB}.Debug|x86.ActiveCfg = Debug|x86
		{84E96AFB-D660-4CF4-8426-686CB1E1DFAB}.Debug|x86.Build.0 = Debug|x86
		{84E96AFB-D660-4CF4-8426-686CB1E1DFAB}.Release|x64.ActiveCfg = Release|x64
		{84E96AFB-D660-4CF4-8426-686CB1E1DFAB}.Release|x64.Build.0 = Release|x64
		{84E96AFB-D660-4CF4-8426-686CB1E1DFAB}.Release|x86.ActiveCfg = Release|x86
		{84E96AFB-D660-4CF4-8426-686CB1E1DFAB}.Release|x86.Build.0 = Release|x86
	EndGlobalSection
	GlobalSection(SolutionProperties) = preSolution
		HideSolutionNode = FALSE
	EndGlobalSection
	GlobalSection(NestedProjects) = preSolution
		{E905997D-0590-4D3E-AC4A-05B878B8CAF4} = {358FDC48-8EA5-4F11-95BE-D9CCCBE0394B}
		{3BBD5083-DB03-4344-B5B5-1DE3B76C737E} = {E905997D-0590-4D3E-AC4A-05B878B8CAF4}
		{F4779B7A-77C8-4A9E-B76C-80500F1C6961} = {358FDC48-8EA5-4F11-95BE-D9CCCBE0394B}
		{1A09040D-9A70-41D6-9D6D-AE5783210F14} = {358FDC48-8EA5-4F11-95BE-D9CCCBE0394B}
	EndGlobalSection
	GlobalSection(ExtensibilityGlobals) = postSolution
		SolutionGuid = {DCCC085D-4D09-44FE-A6A0-DC776363DB0A}
	EndGlobalSection
EndGlobal
